// !$*UTF8*$!
{
	archiveVersion = 1;
	classes = {
	};
	objectVersion = 55;
	objects = {

/* Begin PBXBuildFile section */
		1CFF10527A04D24B84C83B4F /* Pods_actions_test.framework in Frameworks */ = {isa = PBXBuildFile; fileRef = 4730A80C6C267EF5928D73E0 /* Pods_actions_test.framework */; };
		BB2DC34027C7D5A3001196DD /* AppDelegate.swift in Sources */ = {isa = PBXBuildFile; fileRef = BB2DC33F27C7D5A3001196DD /* AppDelegate.swift */; };
		BB2DC34227C7D5A3001196DD /* SceneDelegate.swift in Sources */ = {isa = PBXBuildFile; fileRef = BB2DC34127C7D5A3001196DD /* SceneDelegate.swift */; };
		BB2DC34427C7D5A3001196DD /* ViewController.swift in Sources */ = {isa = PBXBuildFile; fileRef = BB2DC34327C7D5A3001196DD /* ViewController.swift */; };
		BB2DC34727C7D5A3001196DD /* Main.storyboard in Resources */ = {isa = PBXBuildFile; fileRef = BB2DC34527C7D5A3001196DD /* Main.storyboard */; };
		BB2DC34927C7D5A5001196DD /* Assets.xcassets in Resources */ = {isa = PBXBuildFile; fileRef = BB2DC34827C7D5A5001196DD /* Assets.xcassets */; };
		BB2DC34C27C7D5A5001196DD /* LaunchScreen.storyboard in Resources */ = {isa = PBXBuildFile; fileRef = BB2DC34A27C7D5A5001196DD /* LaunchScreen.storyboard */; };
/* End PBXBuildFile section */

/* Begin PBXFileReference section */
		4730A80C6C267EF5928D73E0 /* Pods_actions_test.framework */ = {isa = PBXFileReference; explicitFileType = wrapper.framework; includeInIndex = 0; path = Pods_actions_test.framework; sourceTree = BUILT_PRODUCTS_DIR; };
		503A5EC660C595C246326027 /* Pods-actions-test.release.xcconfig */ = {isa = PBXFileReference; includeInIndex = 1; lastKnownFileType = text.xcconfig; name = "Pods-actions-test.release.xcconfig"; path = "Target Support Files/Pods-actions-test/Pods-actions-test.release.xcconfig"; sourceTree = "<group>"; };
		AEF41A80CC7E8DFC366954C8 /* Pods-actions-test.debug.xcconfig */ = {isa = PBXFileReference; includeInIndex = 1; lastKnownFileType = text.xcconfig; name = "Pods-actions-test.debug.xcconfig"; path = "Target Support Files/Pods-actions-test/Pods-actions-test.debug.xcconfig"; sourceTree = "<group>"; };
		BB2DC33C27C7D5A3001196DD /* actions-test.app */ = {isa = PBXFileReference; explicitFileType = wrapper.application; includeInIndex = 0; path = "actions-test.app"; sourceTree = BUILT_PRODUCTS_DIR; };
		BB2DC33F27C7D5A3001196DD /* AppDelegate.swift */ = {isa = PBXFileReference; lastKnownFileType = sourcecode.swift; path = AppDelegate.swift; sourceTree = "<group>"; };
		BB2DC34127C7D5A3001196DD /* SceneDelegate.swift */ = {isa = PBXFileReference; lastKnownFileType = sourcecode.swift; path = SceneDelegate.swift; sourceTree = "<group>"; };
		BB2DC34327C7D5A3001196DD /* ViewController.swift */ = {isa = PBXFileReference; lastKnownFileType = sourcecode.swift; path = ViewController.swift; sourceTree = "<group>"; };
		BB2DC34627C7D5A3001196DD /* Base */ = {isa = PBXFileReference; lastKnownFileType = file.storyboard; name = Base; path = Base.lproj/Main.storyboard; sourceTree = "<group>"; };
		BB2DC34827C7D5A5001196DD /* Assets.xcassets */ = {isa = PBXFileReference; lastKnownFileType = folder.assetcatalog; path = Assets.xcassets; sourceTree = "<group>"; };
		BB2DC34B27C7D5A5001196DD /* Base */ = {isa = PBXFileReference; lastKnownFileType = file.storyboard; name = Base; path = Base.lproj/LaunchScreen.storyboard; sourceTree = "<group>"; };
		BB2DC34D27C7D5A5001196DD /* Info.plist */ = {isa = PBXFileReference; lastKnownFileType = text.plist.xml; path = Info.plist; sourceTree = "<group>"; };
/* End PBXFileReference section */

/* Begin PBXFrameworksBuildPhase section */
		BB2DC33927C7D5A3001196DD /* Frameworks */ = {
			isa = PBXFrameworksBuildPhase;
			buildActionMask = 2147483647;
			files = (
				1CFF10527A04D24B84C83B4F /* Pods_actions_test.framework in Frameworks */,
			);
			runOnlyForDeploymentPostprocessing = 0;
		};
/* End PBXFrameworksBuildPhase section */

/* Begin PBXGroup section */
		18E4120F57E1995D76731924 /* Frameworks */ = {
			isa = PBXGroup;
			children = (
				4730A80C6C267EF5928D73E0 /* Pods_actions_test.framework */,
			);
			name = Frameworks;
			sourceTree = "<group>";
		};
		BB2DC33327C7D5A2001196DD = {
			isa = PBXGroup;
			children = (
				BB2DC33E27C7D5A3001196DD /* actions-test */,
				BB2DC33D27C7D5A3001196DD /* Products */,
				BC23A7B5396D76E20FB761CA /* Pods */,
				18E4120F57E1995D76731924 /* Frameworks */,
			);
			sourceTree = "<group>";
		};
		BB2DC33D27C7D5A3001196DD /* Products */ = {
			isa = PBXGroup;
			children = (
				BB2DC33C27C7D5A3001196DD /* actions-test.app */,
			);
			name = Products;
			sourceTree = "<group>";
		};
		BB2DC33E27C7D5A3001196DD /* actions-test */ = {
			isa = PBXGroup;
			children = (
				BB2DC33F27C7D5A3001196DD /* AppDelegate.swift */,
				BB2DC34127C7D5A3001196DD /* SceneDelegate.swift */,
				BB2DC34327C7D5A3001196DD /* ViewController.swift */,
				BB2DC34527C7D5A3001196DD /* Main.storyboard */,
				BB2DC34827C7D5A5001196DD /* Assets.xcassets */,
				BB2DC34A27C7D5A5001196DD /* LaunchScreen.storyboard */,
				BB2DC34D27C7D5A5001196DD /* Info.plist */,
			);
			path = "actions-test";
			sourceTree = "<group>";
		};
		BC23A7B5396D76E20FB761CA /* Pods */ = {
			isa = PBXGroup;
			children = (
				AEF41A80CC7E8DFC366954C8 /* Pods-actions-test.debug.xcconfig */,
				503A5EC660C595C246326027 /* Pods-actions-test.release.xcconfig */,
			);
			path = Pods;
			sourceTree = "<group>";
		};
/* End PBXGroup section */

/* Begin PBXNativeTarget section */
		BB2DC33B27C7D5A3001196DD /* actions-test */ = {
			isa = PBXNativeTarget;
			buildConfigurationList = BB2DC35027C7D5A5001196DD /* Build configuration list for PBXNativeTarget "actions-test" */;
			buildPhases = (
				B271A1AFBB5C3508015DBC34 /* [CP] Check Pods Manifest.lock */,
				BB2DC33827C7D5A3001196DD /* Sources */,
				BB2DC33927C7D5A3001196DD /* Frameworks */,
				BB2DC33A27C7D5A3001196DD /* Resources */,
			);
			buildRules = (
			);
			dependencies = (
			);
			name = "actions-test";
			productName = "actions-test";
			productReference = BB2DC33C27C7D5A3001196DD /* actions-test.app */;
			productType = "com.apple.product-type.application";
		};
/* End PBXNativeTarget section */

/* Begin PBXProject section */
		BB2DC33427C7D5A2001196DD /* Project object */ = {
			isa = PBXProject;
			attributes = {
				BuildIndependentTargetsInParallel = 1;
				LastSwiftUpdateCheck = 1320;
				LastUpgradeCheck = 1320;
				TargetAttributes = {
					BB2DC33B27C7D5A3001196DD = {
						CreatedOnToolsVersion = 13.2.1;
					};
				};
			};
			buildConfigurationList = BB2DC33727C7D5A2001196DD /* Build configuration list for PBXProject "actions-test" */;
			compatibilityVersion = "Xcode 13.0";
			developmentRegion = en;
			hasScannedForEncodings = 0;
			knownRegions = (
				en,
				Base,
			);
			mainGroup = BB2DC33327C7D5A2001196DD;
			productRefGroup = BB2DC33D27C7D5A3001196DD /* Products */;
			projectDirPath = "";
			projectRoot = "";
			targets = (
				BB2DC33B27C7D5A3001196DD /* actions-test */,
			);
		};
/* End PBXProject section */

/* Begin PBXResourcesBuildPhase section */
		BB2DC33A27C7D5A3001196DD /* Resources */ = {
			isa = PBXResourcesBuildPhase;
			buildActionMask = 2147483647;
			files = (
				BB2DC34C27C7D5A5001196DD /* LaunchScreen.storyboard in Resources */,
				BB2DC34927C7D5A5001196DD /* Assets.xcassets in Resources */,
				BB2DC34727C7D5A3001196DD /* Main.storyboard in Resources */,
			);
			runOnlyForDeploymentPostprocessing = 0;
		};
/* End PBXResourcesBuildPhase section */

/* Begin PBXShellScriptBuildPhase section */
		B271A1AFBB5C3508015DBC34 /* [CP] Check Pods Manifest.lock */ = {
			isa = PBXShellScriptBuildPhase;
			buildActionMask = 2147483647;
			files = (
			);
			inputFileListPaths = (
			);
			inputPaths = (
				"${PODS_PODFILE_DIR_PATH}/Podfile.lock",
				"${PODS_ROOT}/Manifest.lock",
			);
			name = "[CP] Check Pods Manifest.lock";
			outputFileListPaths = (
			);
			outputPaths = (
				"$(DERIVED_FILE_DIR)/Pods-actions-test-checkManifestLockResult.txt",
			);
			runOnlyForDeploymentPostprocessing = 0;
			shellPath = /bin/sh;
			shellScript = "diff \"${PODS_PODFILE_DIR_PATH}/Podfile.lock\" \"${PODS_ROOT}/Manifest.lock\" > /dev/null\nif [ $? != 0 ] ; then\n    # print error to STDERR\n    echo \"error: The sandbox is not in sync with the Podfile.lock. Run 'pod install' or update your CocoaPods installation.\" >&2\n    exit 1\nfi\n# This output is used by Xcode 'outputs' to avoid re-running this script phase.\necho \"SUCCESS\" > \"${SCRIPT_OUTPUT_FILE_0}\"\n";
			showEnvVarsInLog = 0;
		};
/* End PBXShellScriptBuildPhase section */

/* Begin PBXSourcesBuildPhase section */
		BB2DC33827C7D5A3001196DD /* Sources */ = {
			isa = PBXSourcesBuildPhase;
			buildActionMask = 2147483647;
			files = (
				BB2DC34427C7D5A3001196DD /* ViewController.swift in Sources */,
				BB2DC34027C7D5A3001196DD /* AppDelegate.swift in Sources */,
				BB2DC34227C7D5A3001196DD /* SceneDelegate.swift in Sources */,
			);
			runOnlyForDeploymentPostprocessing = 0;
		};
/* End PBXSourcesBuildPhase section */

/* Begin PBXVariantGroup section */
		BB2DC34527C7D5A3001196DD /* Main.storyboard */ = {
			isa = PBXVariantGroup;
			children = (
				BB2DC34627C7D5A3001196DD /* Base */,
			);
			name = Main.storyboard;
			sourceTree = "<group>";
		};
		BB2DC34A27C7D5A5001196DD /* LaunchScreen.storyboard */ = {
			isa = PBXVariantGroup;
			children = (
				BB2DC34B27C7D5A5001196DD /* Base */,
			);
			name = LaunchScreen.storyboard;
			sourceTree = "<group>";
		};
/* End PBXVariantGroup section */

/* Begin XCBuildConfiguration section */
		BB2DC34E27C7D5A5001196DD /* Debug */ = {
			isa = XCBuildConfiguration;
			buildSettings = {
				ALWAYS_SEARCH_USER_PATHS = NO;
				CLANG_ANALYZER_NONNULL = YES;
				CLANG_ANALYZER_NUMBER_OBJECT_CONVERSION = YES_AGGRESSIVE;
				CLANG_CXX_LANGUAGE_STANDARD = "gnu++17";
				CLANG_CXX_LIBRARY = "libc++";
				CLANG_ENABLE_MODULES = YES;
				CLANG_ENABLE_OBJC_ARC = YES;
				CLANG_ENABLE_OBJC_WEAK = YES;
				CLANG_WARN_BLOCK_CAPTURE_AUTORELEASING = YES;
				CLANG_WARN_BOOL_CONVERSION = YES;
				CLANG_WARN_COMMA = YES;
				CLANG_WARN_CONSTANT_CONVERSION = YES;
				CLANG_WARN_DEPRECATED_OBJC_IMPLEMENTATIONS = YES;
				CLANG_WARN_DIRECT_OBJC_ISA_USAGE = YES_ERROR;
				CLANG_WARN_DOCUMENTATION_COMMENTS = YES;
				CLANG_WARN_EMPTY_BODY = YES;
				CLANG_WARN_ENUM_CONVERSION = YES;
				CLANG_WARN_INFINITE_RECURSION = YES;
				CLANG_WARN_INT_CONVERSION = YES;
				CLANG_WARN_NON_LITERAL_NULL_CONVERSION = YES;
				CLANG_WARN_OBJC_IMPLICIT_RETAIN_SELF = YES;
				CLANG_WARN_OBJC_LITERAL_CONVERSION = YES;
				CLANG_WARN_OBJC_ROOT_CLASS = YES_ERROR;
				CLANG_WARN_QUOTED_INCLUDE_IN_FRAMEWORK_HEADER = YES;
				CLANG_WARN_RANGE_LOOP_ANALYSIS = YES;
				CLANG_WARN_STRICT_PROTOTYPES = YES;
				CLANG_WARN_SUSPICIOUS_MOVE = YES;
				CLANG_WARN_UNGUARDED_AVAILABILITY = YES_AGGRESSIVE;
				CLANG_WARN_UNREACHABLE_CODE = YES;
				CLANG_WARN__DUPLICATE_METHOD_MATCH = YES;
				COPY_PHASE_STRIP = NO;
				DEBUG_INFORMATION_FORMAT = dwarf;
				ENABLE_STRICT_OBJC_MSGSEND = YES;
				ENABLE_TESTABILITY = YES;
				GCC_C_LANGUAGE_STANDARD = gnu11;
				GCC_DYNAMIC_NO_PIC = NO;
				GCC_NO_COMMON_BLOCKS = YES;
				GCC_OPTIMIZATION_LEVEL = 0;
				GCC_PREPROCESSOR_DEFINITIONS = (
					"DEBUG=1",
					"$(inherited)",
				);
				GCC_WARN_64_TO_32_BIT_CONVERSION = YES;
				GCC_WARN_ABOUT_RETURN_TYPE = YES_ERROR;
				GCC_WARN_UNDECLARED_SELECTOR = YES;
				GCC_WARN_UNINITIALIZED_AUTOS = YES_AGGRESSIVE;
				GCC_WARN_UNUSED_FUNCTION = YES;
				GCC_WARN_UNUSED_VARIABLE = YES;
				IPHONEOS_DEPLOYMENT_TARGET = 14.0;
				MTL_ENABLE_DEBUG_INFO = INCLUDE_SOURCE;
				MTL_FAST_MATH = YES;
				ONLY_ACTIVE_ARCH = YES;
				SDKROOT = iphoneos;
				SWIFT_ACTIVE_COMPILATION_CONDITIONS = DEBUG;
				SWIFT_OPTIMIZATION_LEVEL = "-Onone";
			};
			name = Debug;
		};
		BB2DC34F27C7D5A5001196DD /* Release */ = {
			isa = XCBuildConfiguration;
			buildSettings = {
				ALWAYS_SEARCH_USER_PATHS = NO;
				CLANG_ANALYZER_NONNULL = YES;
				CLANG_ANALYZER_NUMBER_OBJECT_CONVERSION = YES_AGGRESSIVE;
				CLANG_CXX_LANGUAGE_STANDARD = "gnu++17";
				CLANG_CXX_LIBRARY = "libc++";
				CLANG_ENABLE_MODULES = YES;
				CLANG_ENABLE_OBJC_ARC = YES;
				CLANG_ENABLE_OBJC_WEAK = YES;
				CLANG_WARN_BLOCK_CAPTURE_AUTORELEASING = YES;
				CLANG_WARN_BOOL_CONVERSION = YES;
				CLANG_WARN_COMMA = YES;
				CLANG_WARN_CONSTANT_CONVERSION = YES;
				CLANG_WARN_DEPRECATED_OBJC_IMPLEMENTATIONS = YES;
				CLANG_WARN_DIRECT_OBJC_ISA_USAGE = YES_ERROR;
				CLANG_WARN_DOCUMENTATION_COMMENTS = YES;
				CLANG_WARN_EMPTY_BODY = YES;
				CLANG_WARN_ENUM_CONVERSION = YES;
				CLANG_WARN_INFINITE_RECURSION = YES;
				CLANG_WARN_INT_CONVERSION = YES;
				CLANG_WARN_NON_LITERAL_NULL_CONVERSION = YES;
				CLANG_WARN_OBJC_IMPLICIT_RETAIN_SELF = YES;
				CLANG_WARN_OBJC_LITERAL_CONVERSION = YES;
				CLANG_WARN_OBJC_ROOT_CLASS = YES_ERROR;
				CLANG_WARN_QUOTED_INCLUDE_IN_FRAMEWORK_HEADER = YES;
				CLANG_WARN_RANGE_LOOP_ANALYSIS = YES;
				CLANG_WARN_STRICT_PROTOTYPES = YES;
				CLANG_WARN_SUSPICIOUS_MOVE = YES;
				CLANG_WARN_UNGUARDED_AVAILABILITY = YES_AGGRESSIVE;
				CLANG_WARN_UNREACHABLE_CODE = YES;
				CLANG_WARN__DUPLICATE_METHOD_MATCH = YES;
				COPY_PHASE_STRIP = NO;
				DEBUG_INFORMATION_FORMAT = "dwarf-with-dsym";
				ENABLE_NS_ASSERTIONS = NO;
				ENABLE_STRICT_OBJC_MSGSEND = YES;
				GCC_C_LANGUAGE_STANDARD = gnu11;
				GCC_NO_COMMON_BLOCKS = YES;
				GCC_WARN_64_TO_32_BIT_CONVERSION = YES;
				GCC_WARN_ABOUT_RETURN_TYPE = YES_ERROR;
				GCC_WARN_UNDECLARED_SELECTOR = YES;
				GCC_WARN_UNINITIALIZED_AUTOS = YES_AGGRESSIVE;
				GCC_WARN_UNUSED_FUNCTION = YES;
				GCC_WARN_UNUSED_VARIABLE = YES;
				IPHONEOS_DEPLOYMENT_TARGET = 14.0;
				MTL_ENABLE_DEBUG_INFO = NO;
				MTL_FAST_MATH = YES;
				SDKROOT = iphoneos;
				SWIFT_COMPILATION_MODE = wholemodule;
				SWIFT_OPTIMIZATION_LEVEL = "-O";
				VALIDATE_PRODUCT = YES;
			};
			name = Release;
		};
		BB2DC35127C7D5A5001196DD /* Debug */ = {
			isa = XCBuildConfiguration;
			baseConfigurationReference = AEF41A80CC7E8DFC366954C8 /* Pods-actions-test.debug.xcconfig */;
			buildSettings = {
				ASSETCATALOG_COMPILER_APPICON_NAME = AppIcon;
				ASSETCATALOG_COMPILER_GLOBAL_ACCENT_COLOR_NAME = AccentColor;
				CODE_SIGN_IDENTITY = "iPhone Developer";
				CODE_SIGN_STYLE = Manual;
				CURRENT_PROJECT_VERSION = 1;
				DEVELOPMENT_TEAM = MC2W678MVZ;
				GENERATE_INFOPLIST_FILE = YES;
				INFOPLIST_FILE = "actions-test/Info.plist";
				INFOPLIST_KEY_UIApplicationSupportsIndirectInputEvents = YES;
				INFOPLIST_KEY_UILaunchStoryboardName = LaunchScreen;
				INFOPLIST_KEY_UIMainStoryboardFile = Main;
				INFOPLIST_KEY_UISupportedInterfaceOrientations_iPad = "UIInterfaceOrientationPortrait UIInterfaceOrientationPortraitUpsideDown UIInterfaceOrientationLandscapeLeft UIInterfaceOrientationLandscapeRight";
				INFOPLIST_KEY_UISupportedInterfaceOrientations_iPhone = "UIInterfaceOrientationPortrait UIInterfaceOrientationLandscapeLeft UIInterfaceOrientationLandscapeRight";
				LD_RUNPATH_SEARCH_PATHS = (
					"$(inherited)",
					"@executable_path/Frameworks",
				);
				MARKETING_VERSION = 1.0;
				PRODUCT_BUNDLE_IDENTIFIER = "mx.com.actions-test";
				PRODUCT_NAME = "$(TARGET_NAME)";
				PROVISIONING_PROFILE_SPECIFIER = "match Development mx.com.actions-test";
				SWIFT_EMIT_LOC_STRINGS = YES;
				SWIFT_VERSION = 5.0;
				TARGETED_DEVICE_FAMILY = "1,2";
			};
			name = Debug;
		};
		BB2DC35227C7D5A5001196DD /* Release */ = {
			isa = XCBuildConfiguration;
			baseConfigurationReference = 503A5EC660C595C246326027 /* Pods-actions-test.release.xcconfig */;
			buildSettings = {
				ASSETCATALOG_COMPILER_APPICON_NAME = AppIcon;
				ASSETCATALOG_COMPILER_GLOBAL_ACCENT_COLOR_NAME = AccentColor;
				CODE_SIGN_IDENTITY = "iPhone Developer";
				CODE_SIGN_STYLE = Manual;
				CURRENT_PROJECT_VERSION = 1;
				DEVELOPMENT_TEAM = MC2W678MVZ;
				GENERATE_INFOPLIST_FILE = YES;
				INFOPLIST_FILE = "actions-test/Info.plist";
				INFOPLIST_KEY_UIApplicationSupportsIndirectInputEvents = YES;
				INFOPLIST_KEY_UILaunchStoryboardName = LaunchScreen;
				INFOPLIST_KEY_UIMainStoryboardFile = Main;
				INFOPLIST_KEY_UISupportedInterfaceOrientations_iPad = "UIInterfaceOrientationPortrait UIInterfaceOrientationPortraitUpsideDown UIInterfaceOrientationLandscapeLeft UIInterfaceOrientationLandscapeRight";
				INFOPLIST_KEY_UISupportedInterfaceOrientations_iPhone = "UIInterfaceOrientationPortrait UIInterfaceOrientationLandscapeLeft UIInterfaceOrientationLandscapeRight";
				LD_RUNPATH_SEARCH_PATHS = (
					"$(inherited)",
					"@executable_path/Frameworks",
				);
				MARKETING_VERSION = 1.0;
				PRODUCT_BUNDLE_IDENTIFIER = "mx.com.actions-test";
				PRODUCT_NAME = "$(TARGET_NAME)";
				PROVISIONING_PROFILE_SPECIFIER = "match Development mx.com.actions-test";
				SWIFT_EMIT_LOC_STRINGS = YES;
				SWIFT_VERSION = 5.0;
				TARGETED_DEVICE_FAMILY = "1,2";
			};
			name = Release;
		};
/* End XCBuildConfiguration section */

/* Begin XCConfigurationList section */
		BB2DC33727C7D5A2001196DD /* Build configuration list for PBXProject "actions-test" */ = {
			isa = XCConfigurationList;
			buildConfigurations = (
				BB2DC34E27C7D5A5001196DD /* Debug */,
				BB2DC34F27C7D5A5001196DD /* Release */,
			);
			defaultConfigurationIsVisible = 0;
			defaultConfigurationName = Release;
		};
		BB2DC35027C7D5A5001196DD /* Build configuration list for PBXNativeTarget "actions-test" */ = {
			isa = XCConfigurationList;
			buildConfigurations = (
				BB2DC35127C7D5A5001196DD /* Debug */,
				BB2DC35227C7D5A5001196DD /* Release */,
			);
			defaultConfigurationIsVisible = 0;
			defaultConfigurationName = Release;
		};
/* End XCConfigurationList section */
	};
	rootObject = BB2DC33427C7D5A2001196DD /* Project object */;
}
